// !$*UTF8*$!
{
	archiveVersion = 1;
	classes = {
	};
	objectVersion = 46;
	objects = {

/* Begin PBXBuildFile section */
		8F2E14581C7FD5330078B4EF /* AppDelegate.swift in Sources */ = {isa = PBXBuildFile; fileRef = 8F2E14571C7FD5330078B4EF /* AppDelegate.swift */; };
		8F2E145A1C7FD5330078B4EF /* ViewController.swift in Sources */ = {isa = PBXBuildFile; fileRef = 8F2E14591C7FD5330078B4EF /* ViewController.swift */; };
		8F2E145D1C7FD5330078B4EF /* Main.storyboard in Resources */ = {isa = PBXBuildFile; fileRef = 8F2E145B1C7FD5330078B4EF /* Main.storyboard */; };
		8F2E145F1C7FD5330078B4EF /* Assets.xcassets in Resources */ = {isa = PBXBuildFile; fileRef = 8F2E145E1C7FD5330078B4EF /* Assets.xcassets */; };
		8F2E14621C7FD5330078B4EF /* LaunchScreen.storyboard in Resources */ = {isa = PBXBuildFile; fileRef = 8F2E14601C7FD5330078B4EF /* LaunchScreen.storyboard */; };
		8F2E146A1C7FD7C60078B4EF /* TabBarViewController.swift in Sources */ = {isa = PBXBuildFile; fileRef = 8F2E14691C7FD7C60078B4EF /* TabBarViewController.swift */; };
		8F2E146C1C7FDB9F0078B4EF /* HomeViewController.swift in Sources */ = {isa = PBXBuildFile; fileRef = 8F2E146B1C7FDB9F0078B4EF /* HomeViewController.swift */; };
		8F2E146E1C7FE4990078B4EF /* SearchViewController.swift in Sources */ = {isa = PBXBuildFile; fileRef = 8F2E146D1C7FE4990078B4EF /* SearchViewController.swift */; };
		8F2E14701C7FE61B0078B4EF /* ComposeViewController.swift in Sources */ = {isa = PBXBuildFile; fileRef = 8F2E146F1C7FE61B0078B4EF /* ComposeViewController.swift */; };
		8F2E14721C7FE6940078B4EF /* AccountViewController.swift in Sources */ = {isa = PBXBuildFile; fileRef = 8F2E14711C7FE6940078B4EF /* AccountViewController.swift */; };
		8F2E14741C7FE7000078B4EF /* TrendingViewController.swift in Sources */ = {isa = PBXBuildFile; fileRef = 8F2E14731C7FE7000078B4EF /* TrendingViewController.swift */; };
		8F2E14761C801F5B0078B4EF /* LoginViewController.swift in Sources */ = {isa = PBXBuildFile; fileRef = 8F2E14751C801F5B0078B4EF /* LoginViewController.swift */; };
/* End PBXBuildFile section */

/* Begin PBXFileReference section */
		8F2E14541C7FD5330078B4EF /* Tumblr.app */ = {isa = PBXFileReference; explicitFileType = wrapper.application; includeInIndex = 0; path = Tumblr.app; sourceTree = BUILT_PRODUCTS_DIR; };
		8F2E14571C7FD5330078B4EF /* AppDelegate.swift */ = {isa = PBXFileReference; lastKnownFileType = sourcecode.swift; path = AppDelegate.swift; sourceTree = "<group>"; };
		8F2E14591C7FD5330078B4EF /* ViewController.swift */ = {isa = PBXFileReference; lastKnownFileType = sourcecode.swift; path = ViewController.swift; sourceTree = "<group>"; };
		8F2E145C1C7FD5330078B4EF /* Base */ = {isa = PBXFileReference; lastKnownFileType = file.storyboard; name = Base; path = Base.lproj/Main.storyboard; sourceTree = "<group>"; };
		8F2E145E1C7FD5330078B4EF /* Assets.xcassets */ = {isa = PBXFileReference; lastKnownFileType = folder.assetcatalog; path = Assets.xcassets; sourceTree = "<group>"; };
		8F2E14611C7FD5330078B4EF /* Base */ = {isa = PBXFileReference; lastKnownFileType = file.storyboard; name = Base; path = Base.lproj/LaunchScreen.storyboard; sourceTree = "<group>"; };
		8F2E14631C7FD5330078B4EF /* Info.plist */ = {isa = PBXFileReference; lastKnownFileType = text.plist.xml; path = Info.plist; sourceTree = "<group>"; };
		8F2E14691C7FD7C60078B4EF /* TabBarViewController.swift */ = {isa = PBXFileReference; fileEncoding = 4; lastKnownFileType = sourcecode.swift; path = TabBarViewController.swift; sourceTree = "<group>"; };
		8F2E146B1C7FDB9F0078B4EF /* HomeViewController.swift */ = {isa = PBXFileReference; fileEncoding = 4; lastKnownFileType = sourcecode.swift; path = HomeViewController.swift; sourceTree = "<group>"; };
		8F2E146D1C7FE4990078B4EF /* SearchViewController.swift */ = {isa = PBXFileReference; fileEncoding = 4; lastKnownFileType = sourcecode.swift; path = SearchViewController.swift; sourceTree = "<group>"; };
		8F2E146F1C7FE61B0078B4EF /* ComposeViewController.swift */ = {isa = PBXFileReference; fileEncoding = 4; lastKnownFileType = sourcecode.swift; path = ComposeViewController.swift; sourceTree = "<group>"; };
		8F2E14711C7FE6940078B4EF /* AccountViewController.swift */ = {isa = PBXFileReference; fileEncoding = 4; lastKnownFileType = sourcecode.swift; path = AccountViewController.swift; sourceTree = "<group>"; };
		8F2E14731C7FE7000078B4EF /* TrendingViewController.swift */ = {isa = PBXFileReference; fileEncoding = 4; lastKnownFileType = sourcecode.swift; path = TrendingViewController.swift; sourceTree = "<group>"; };
		8F2E14751C801F5B0078B4EF /* LoginViewController.swift */ = {isa = PBXFileReference; fileEncoding = 4; lastKnownFileType = sourcecode.swift; path = LoginViewController.swift; sourceTree = "<group>"; };
/* End PBXFileReference section */

/* Begin PBXFrameworksBuildPhase section */
		8F2E14511C7FD5330078B4EF /* Frameworks */ = {
			isa = PBXFrameworksBuildPhase;
			buildActionMask = 2147483647;
			files = (
			);
			runOnlyForDeploymentPostprocessing = 0;
		};
/* End PBXFrameworksBuildPhase section */

/* Begin PBXGroup section */
		8F2E144B1C7FD5330078B4EF = {
			isa = PBXGroup;
			children = (
				8F2E14561C7FD5330078B4EF /* Tumblr */,
				8F2E14551C7FD5330078B4EF /* Products */,
			);
			sourceTree = "<group>";
		};
		8F2E14551C7FD5330078B4EF /* Products */ = {
			isa = PBXGroup;
			children = (
				8F2E14541C7FD5330078B4EF /* Tumblr.app */,
			);
			name = Products;
			sourceTree = "<group>";
		};
		8F2E14561C7FD5330078B4EF /* Tumblr */ = {
			isa = PBXGroup;
			children = (
				8F2E14571C7FD5330078B4EF /* AppDelegate.swift */,
				8F2E14591C7FD5330078B4EF /* ViewController.swift */,
				8F2E145B1C7FD5330078B4EF /* Main.storyboard */,
				8F2E14751C801F5B0078B4EF /* LoginViewController.swift */,
				8F2E14731C7FE7000078B4EF /* TrendingViewController.swift */,
				8F2E14711C7FE6940078B4EF /* AccountViewController.swift */,
				8F2E146F1C7FE61B0078B4EF /* ComposeViewController.swift */,
				8F2E146D1C7FE4990078B4EF /* SearchViewController.swift */,
				8F2E146B1C7FDB9F0078B4EF /* HomeViewController.swift */,
				8F2E14691C7FD7C60078B4EF /* TabBarViewController.swift */,
				8F2E145E1C7FD5330078B4EF /* Assets.xcassets */,
				8F2E14601C7FD5330078B4EF /* LaunchScreen.storyboard */,
				8F2E14631C7FD5330078B4EF /* Info.plist */,
			);
			path = Tumblr;
			sourceTree = "<group>";
		};
/* End PBXGroup section */

/* Begin PBXNativeTarget section */
		8F2E14531C7FD5330078B4EF /* Tumblr */ = {
			isa = PBXNativeTarget;
			buildConfigurationList = 8F2E14661C7FD5330078B4EF /* Build configuration list for PBXNativeTarget "Tumblr" */;
			buildPhases = (
				8F2E14501C7FD5330078B4EF /* Sources */,
				8F2E14511C7FD5330078B4EF /* Frameworks */,
				8F2E14521C7FD5330078B4EF /* Resources */,
			);
			buildRules = (
			);
			dependencies = (
			);
			name = Tumblr;
			productName = Tumblr;
			productReference = 8F2E14541C7FD5330078B4EF /* Tumblr.app */;
			productType = "com.apple.product-type.application";
		};
/* End PBXNativeTarget section */

/* Begin PBXProject section */
		8F2E144C1C7FD5330078B4EF /* Project object */ = {
			isa = PBXProject;
			attributes = {
				LastSwiftUpdateCheck = 0720;
				LastUpgradeCheck = 0720;
				ORGANIZATIONNAME = "Jisi Guo";
				TargetAttributes = {
					8F2E14531C7FD5330078B4EF = {
						CreatedOnToolsVersion = 7.2.1;
					};
				};
			};
			buildConfigurationList = 8F2E144F1C7FD5330078B4EF /* Build configuration list for PBXProject "Tumblr" */;
			compatibilityVersion = "Xcode 3.2";
			developmentRegion = English;
			hasScannedForEncodings = 0;
			knownRegions = (
				en,
				Base,
			);
			mainGroup = 8F2E144B1C7FD5330078B4EF;
			productRefGroup = 8F2E14551C7FD5330078B4EF /* Products */;
			projectDirPath = "";
			projectRoot = "";
			targets = (
				8F2E14531C7FD5330078B4EF /* Tumblr */,
			);
		};
/* End PBXProject section */

/* Begin PBXResourcesBuildPhase section */
		8F2E14521C7FD5330078B4EF /* Resources */ = {
			isa = PBXResourcesBuildPhase;
			buildActionMask = 2147483647;
			files = (
				8F2E14621C7FD5330078B4EF /* LaunchScreen.storyboard in Resources */,
				8F2E145F1C7FD5330078B4EF /* Assets.xcassets in Resources */,
				8F2E145D1C7FD5330078B4EF /* Main.storyboard in Resources */,
			);
			runOnlyForDeploymentPostprocessing = 0;
		};
/* End PBXResourcesBuildPhase section */

/* Begin PBXSourcesBuildPhase section */
		8F2E14501C7FD5330078B4EF /* Sources */ = {
			isa = PBXSourcesBuildPhase;
			buildActionMask = 2147483647;
			files = (
				8F2E14761C801F5B0078B4EF /* LoginViewController.swift in Sources */,
				8F2E146E1C7FE4990078B4EF /* SearchViewController.swift in Sources */,
				8F2E14741C7FE7000078B4EF /* TrendingViewController.swift in Sources */,
				8F2E145A1C7FD5330078B4EF /* ViewController.swift in Sources */,
				8F2E14721C7FE6940078B4EF /* AccountViewController.swift in Sources */,
				8F2E146A1C7FD7C60078B4EF /* TabBarViewController.swift in Sources */,
				8F2E14701C7FE61B0078B4EF /* ComposeViewController.swift in Sources */,
				8F2E14581C7FD5330078B4EF /* AppDelegate.swift in Sources */,
				8F2E146C1C7FDB9F0078B4EF /* HomeViewController.swift in Sources */,
			);
			runOnlyForDeploymentPostprocessing = 0;
		};
/* End PBXSourcesBuildPhase section */

/* Begin PBXVariantGroup section */
		8F2E145B1C7FD5330078B4EF /* Main.storyboard */ = {
			isa = PBXVariantGroup;
			children = (
				8F2E145C1C7FD5330078B4EF /* Base */,
			);
			name = Main.storyboard;
			sourceTree = "<group>";
		};
		8F2E14601C7FD5330078B4EF /* LaunchScreen.storyboard */ = {
			isa = PBXVariantGroup;
			children = (
				8F2E14611C7FD5330078B4EF /* Base */,
			);
			name = LaunchScreen.storyboard;
			sourceTree = "<group>";
		};
/* End PBXVariantGroup section */

/* Begin XCBuildConfiguration section */
		8F2E14641C7FD5330078B4EF /* Debug */ = {
			isa = XCBuildConfiguration;
			buildSettings = {
				ALWAYS_SEARCH_USER_PATHS = NO;
				CLANG_CXX_LANGUAGE_STANDARD = "gnu++0x";
				CLANG_CXX_LIBRARY = "libc++";
				CLANG_ENABLE_MODULES = YES;
				CLANG_ENABLE_OBJC_ARC = YES;
				CLANG_WARN_BOOL_CONVERSION = YES;
				CLANG_WARN_CONSTANT_CONVERSION = YES;
				CLANG_WARN_DIRECT_OBJC_ISA_USAGE = YES_ERROR;
				CLANG_WARN_EMPTY_BODY = YES;
				CLANG_WARN_ENUM_CONVERSION = YES;
				CLANG_WARN_INT_CONVERSION = YES;
				CLANG_WARN_OBJC_ROOT_CLASS = YES_ERROR;
				CLANG_WARN_UNREACHABLE_CODE = YES;
				CLANG_WARN__DUPLICATE_METHOD_MATCH = YES;
				"CODE_SIGN_IDENTITY[sdk=iphoneos*]" = "iPhone Developer";
				COPY_PHASE_STRIP = NO;
				DEBUG_INFORMATION_FORMAT = dwarf;
				ENABLE_STRICT_OBJC_MSGSEND = YES;
				ENABLE_TESTABILITY = YES;
				GCC_C_LANGUAGE_STANDARD = gnu99;
				GCC_DYNAMIC_NO_PIC = NO;
				GCC_NO_COMMON_BLOCKS = YES;
				GCC_OPTIMIZATION_LEVEL = 0;
				GCC_PREPROCESSOR_DEFINITIONS = (
					"DEBUG=1",
					"$(inherited)",
				);
				GCC_WARN_64_TO_32_BIT_CONVERSION = YES;
				GCC_WARN_ABOUT_RETURN_TYPE = YES_ERROR;
				GCC_WARN_UNDECLARED_SELECTOR = YES;
				GCC_WARN_UNINITIALIZED_AUTOS = YES_AGGRESSIVE;
				GCC_WARN_UNUSED_FUNCTION = YES;
				GCC_WARN_UNUSED_VARIABLE = YES;
				IPHONEOS_DEPLOYMENT_TARGET = 9.2;
				MTL_ENABLE_DEBUG_INFO = YES;
				ONLY_ACTIVE_ARCH = YES;
				SDKROOT = iphoneos;
				SWIFT_OPTIMIZATION_LEVEL = "-Onone";
			};
			name = Debug;
		};
		8F2E14651C7FD5330078B4EF /* Release */ = {
			isa = XCBuildConfiguration;
			buildSettings = {
				ALWAYS_SEARCH_USER_PATHS = NO;
				CLANG_CXX_LANGUAGE_STANDARD = "gnu++0x";
				CLANG_CXX_LIBRARY = "libc++";
				CLANG_ENABLE_MODULES = YES;
				CLANG_ENABLE_OBJC_ARC = YES;
				CLANG_WARN_BOOL_CONVERSION = YES;
				CLANG_WARN_CONSTANT_CONVERSION = YES;
				CLANG_WARN_DIRECT_OBJC_ISA_USAGE = YES_ERROR;
				CLANG_WARN_EMPTY_BODY = YES;
				CLANG_WARN_ENUM_CONVERSION = YES;
				CLANG_WARN_INT_CONVERSION = YES;
				CLANG_WARN_OBJC_ROOT_CLASS = YES_ERROR;
				CLANG_WARN_UNREACHABLE_CODE = YES;
				CLANG_WARN__DUPLICATE_METHOD_MATCH = YES;
				"CODE_SIGN_IDENTITY[sdk=iphoneos*]" = "iPhone Developer";
				COPY_PHASE_STRIP = NO;
				DEBUG_INFORMATION_FORMAT = "dwarf-with-dsym";
				ENABLE_NS_ASSERTIONS = NO;
				ENABLE_STRICT_OBJC_MSGSEND = YES;
				GCC_C_LANGUAGE_STANDARD = gnu99;
				GCC_NO_COMMON_BLOCKS = YES;
				GCC_WARN_64_TO_32_BIT_CONVERSION = YES;
				GCC_WARN_ABOUT_RETURN_TYPE = YES_ERROR;
				GCC_WARN_UNDECLARED_SELECTOR = YES;
				GCC_WARN_UNINITIALIZED_AUTOS = YES_AGGRESSIVE;
				GCC_WARN_UNUSED_FUNCTION = YES;
				GCC_WARN_UNUSED_VARIABLE = YES;
				IPHONEOS_DEPLOYMENT_TARGET = 9.2;
				MTL_ENABLE_DEBUG_INFO = NO;
				SDKROOT = iphoneos;
				VALIDATE_PRODUCT = YES;
			};
			name = Release;
		};
		8F2E14671C7FD5330078B4EF /* Debug */ = {
			isa = XCBuildConfiguration;
			buildSettings = {
				ASSETCATALOG_COMPILER_APPICON_NAME = AppIcon;
				INFOPLIST_FILE = Tumblr/Info.plist;
				LD_RUNPATH_SEARCH_PATHS = "$(inherited) @executable_path/Frameworks";
				PRODUCT_BUNDLE_IDENTIFIER = jisi.Tumblr;
				PRODUCT_NAME = "$(TARGET_NAME)";
			};
			name = Debug;
		};
		8F2E14681C7FD5330078B4EF /* Release */ = {
			isa = XCBuildConfiguration;
			buildSettings = {
				ASSETCATALOG_COMPILER_APPICON_NAME = AppIcon;
				INFOPLIST_FILE = Tumblr/Info.plist;
				LD_RUNPATH_SEARCH_PATHS = "$(inherited) @executable_path/Frameworks";
				PRODUCT_BUNDLE_IDENTIFIER = jisi.Tumblr;
				PRODUCT_NAME = "$(TARGET_NAME)";
			};
			name = Release;
		};
/* End XCBuildConfiguration section */

/* Begin XCConfigurationList section */
		8F2E144F1C7FD5330078B4EF /* Build configuration list for PBXProject "Tumblr" */ = {
			isa = XCConfigurationList;
			buildConfigurations = (
				8F2E14641C7FD5330078B4EF /* Debug */,
				8F2E14651C7FD5330078B4EF /* Release */,
			);
			defaultConfigurationIsVisible = 0;
			defaultConfigurationName = Release;
		};
		8F2E14661C7FD5330078B4EF /* Build configuration list for PBXNativeTarget "Tumblr" */ = {
			isa = XCConfigurationList;
			buildConfigurations = (
				8F2E14671C7FD5330078B4EF /* Debug */,
				8F2E14681C7FD5330078B4EF /* Release */,
			);
			defaultConfigurationIsVisible = 0;
		};
/* End XCConfigurationList section */
	};
	rootObject = 8F2E144C1C7FD5330078B4EF /* Project object */;
}
